
Microsoft Visual Studio Solution File, Format Version 12.00
# Visual Studio 15
VisualStudioVersion = 15.0.26124.0
MinimumVisualStudioVersion = 15.0.26124.0
Project("{2150E333-8FDC-42A3-9474-1A3956D46DE8}") = "api", "api", "{21AB1223-FB79-4045-B1D9-D58B67C9F18A}"
EndProject
Project("{FAE04EC0-301F-11D3-BF4B-00C04F79EFBC}") = "api", "api\src\api.csproj", "{D3BF721C-7B2D-4D4F-BAE2-1B1EFE5638C2}"
EndProject
Project("{2150E333-8FDC-42A3-9474-1A3956D46DE8}") = "eventStore", "eventStore", "{096A4305-2986-42B7-9BAB-D54BD1E4060C}"
EndProject
Project("{FAE04EC0-301F-11D3-BF4B-00C04F79EFBC}") = "eventStore", "eventStore\src\eventStore.csproj", "{2AA9AC12-1DC1-4632-B9EF-F058089CA4E0}"
EndProject
Global
	GlobalSection(SolutionConfigurationPlatforms) = preSolution
		Debug|Any CPU = Debug|Any CPU
		Debug|x64 = Debug|x64
		Debug|x86 = Debug|x86
		Release|Any CPU = Release|Any CPU
		Release|x64 = Release|x64
		Release|x86 = Release|x86
	EndGlobalSection
	GlobalSection(SolutionProperties) = preSolution
		HideSolutionNode = FALSE
	EndGlobalSection
	GlobalSection(ProjectConfigurationPlatforms) = postSolution
		{D3BF721C-7B2D-4D4F-BAE2-1B1EFE5638C2}.Debug|Any CPU.ActiveCfg = Debug|Any CPU
		{D3BF721C-7B2D-4D4F-BAE2-1B1EFE5638C2}.Debug|Any CPU.Build.0 = Debug|Any CPU
		{D3BF721C-7B2D-4D4F-BAE2-1B1EFE5638C2}.Debug|x64.ActiveCfg = Debug|Any CPU
		{D3BF721C-7B2D-4D4F-BAE2-1B1EFE5638C2}.Debug|x64.Build.0 = Debug|Any CPU
		{D3BF721C-7B2D-4D4F-BAE2-1B1EFE5638C2}.Debug|x86.ActiveCfg = Debug|Any CPU
		{D3BF721C-7B2D-4D4F-BAE2-1B1EFE5638C2}.Debug|x86.Build.0 = Debug|Any CPU
		{D3BF721C-7B2D-4D4F-BAE2-1B1EFE5638C2}.Release|Any CPU.ActiveCfg = Release|Any CPU
		{D3BF721C-7B2D-4D4F-BAE2-1B1EFE5638C2}.Release|Any CPU.Build.0 = Release|Any CPU
		{D3BF721C-7B2D-4D4F-BAE2-1B1EFE5638C2}.Release|x64.ActiveCfg = Release|Any CPU
		{D3BF721C-7B2D-4D4F-BAE2-1B1EFE5638C2}.Release|x64.Build.0 = Release|Any CPU
		{D3BF721C-7B2D-4D4F-BAE2-1B1EFE5638C2}.Release|x86.ActiveCfg = Release|Any CPU
		{D3BF721C-7B2D-4D4F-BAE2-1B1EFE5638C2}.Release|x86.Build.0 = Release|Any CPU
		{2AA9AC12-1DC1-4632-B9EF-F058089CA4E0}.Debug|Any CPU.ActiveCfg = Debug|Any CPU
		{2AA9AC12-1DC1-4632-B9EF-F058089CA4E0}.Debug|Any CPU.Build.0 = Debug|Any CPU
		{2AA9AC12-1DC1-4632-B9EF-F058089CA4E0}.Debug|x64.ActiveCfg = Debug|Any CPU
		{2AA9AC12-1DC1-4632-B9EF-F058089CA4E0}.Debug|x64.Build.0 = Debug|Any CPU
		{2AA9AC12-1DC1-4632-B9EF-F058089CA4E0}.Debug|x86.ActiveCfg = Debug|Any CPU
		{2AA9AC12-1DC1-4632-B9EF-F058089CA4E0}.Debug|x86.Build.0 = Debug|Any CPU
		{2AA9AC12-1DC1-4632-B9EF-F058089CA4E0}.Release|Any CPU.ActiveCfg = Release|Any CPU
		{2AA9AC12-1DC1-4632-B9EF-F058089CA4E0}.Release|Any CPU.Build.0 = Release|Any CPU
		{2AA9AC12-1DC1-4632-B9EF-F058089CA4E0}.Release|x64.ActiveCfg = Release|Any CPU
		{2AA9AC12-1DC1-4632-B9EF-F058089CA4E0}.Release|x64.Build.0 = Release|Any CPU
		{2AA9AC12-1DC1-4632-B9EF-F058089CA4E0}.Release|x86.ActiveCfg = Release|Any CPU
		{2AA9AC12-1DC1-4632-B9EF-F058089CA4E0}.Release|x86.Build.0 = Release|Any CPU
	EndGlobalSection
	GlobalSection(NestedProjects) = preSolution
		{D3BF721C-7B2D-4D4F-BAE2-1B1EFE5638C2} = {21AB1223-FB79-4045-B1D9-D58B67C9F18A}
		{2AA9AC12-1DC1-4632-B9EF-F058089CA4E0} = {096A4305-2986-42B7-9BAB-D54BD1E4060C}
	EndGlobalSection
EndGlobal
