
Microsoft Visual Studio Solution File, Format Version 12.00
# Visual Studio 15
VisualStudioVersion = 15.0.26124.0
MinimumVisualStudioVersion = 15.0.26124.0
Project("{2150E333-8FDC-42A3-9474-1A3956D46DE8}") = "src", "src", "{9EA8859D-53BC-4A27-BBEE-3DF001BB48AE}"
EndProject
Project("{FAE04EC0-301F-11D3-BF4B-00C04F79EFBC}") = "api", "src\Api\api.csproj", "{32625565-B57F-48DC-B797-3B71118128D1}"
EndProject
Project("{FAE04EC0-301F-11D3-BF4B-00C04F79EFBC}") = "EventStore", "src\EventStore\EventStore.csproj", "{F1B76568-A53A-453B-97FA-C13F373AEEEA}"
EndProject
Project("{FAE04EC0-301F-11D3-BF4B-00C04F79EFBC}") = "EndToEndTests", "test\EndToEndTests.csproj", "{A1160330-50B5-4006-AF22-375D14D3B14F}"
EndProject
Global
	GlobalSection(SolutionConfigurationPlatforms) = preSolution
		Debug|Any CPU = Debug|Any CPU
		Debug|x64 = Debug|x64
		Debug|x86 = Debug|x86
		Release|Any CPU = Release|Any CPU
		Release|x64 = Release|x64
		Release|x86 = Release|x86
	EndGlobalSection
	GlobalSection(SolutionProperties) = preSolution
		HideSolutionNode = FALSE
	EndGlobalSection
	GlobalSection(ProjectConfigurationPlatforms) = postSolution
		{32625565-B57F-48DC-B797-3B71118128D1}.Debug|Any CPU.ActiveCfg = Debug|Any CPU
		{32625565-B57F-48DC-B797-3B71118128D1}.Debug|Any CPU.Build.0 = Debug|Any CPU
		{32625565-B57F-48DC-B797-3B71118128D1}.Debug|x64.ActiveCfg = Debug|Any CPU
		{32625565-B57F-48DC-B797-3B71118128D1}.Debug|x64.Build.0 = Debug|Any CPU
		{32625565-B57F-48DC-B797-3B71118128D1}.Debug|x86.ActiveCfg = Debug|Any CPU
		{32625565-B57F-48DC-B797-3B71118128D1}.Debug|x86.Build.0 = Debug|Any CPU
		{32625565-B57F-48DC-B797-3B71118128D1}.Release|Any CPU.ActiveCfg = Release|Any CPU
		{32625565-B57F-48DC-B797-3B71118128D1}.Release|Any CPU.Build.0 = Release|Any CPU
		{32625565-B57F-48DC-B797-3B71118128D1}.Release|x64.ActiveCfg = Release|Any CPU
		{32625565-B57F-48DC-B797-3B71118128D1}.Release|x64.Build.0 = Release|Any CPU
		{32625565-B57F-48DC-B797-3B71118128D1}.Release|x86.ActiveCfg = Release|Any CPU
		{32625565-B57F-48DC-B797-3B71118128D1}.Release|x86.Build.0 = Release|Any CPU
		{F1B76568-A53A-453B-97FA-C13F373AEEEA}.Debug|Any CPU.ActiveCfg = Debug|Any CPU
		{F1B76568-A53A-453B-97FA-C13F373AEEEA}.Debug|Any CPU.Build.0 = Debug|Any CPU
		{F1B76568-A53A-453B-97FA-C13F373AEEEA}.Debug|x64.ActiveCfg = Debug|Any CPU
		{F1B76568-A53A-453B-97FA-C13F373AEEEA}.Debug|x64.Build.0 = Debug|Any CPU
		{F1B76568-A53A-453B-97FA-C13F373AEEEA}.Debug|x86.ActiveCfg = Debug|Any CPU
		{F1B76568-A53A-453B-97FA-C13F373AEEEA}.Debug|x86.Build.0 = Debug|Any CPU
		{F1B76568-A53A-453B-97FA-C13F373AEEEA}.Release|Any CPU.ActiveCfg = Release|Any CPU
		{F1B76568-A53A-453B-97FA-C13F373AEEEA}.Release|Any CPU.Build.0 = Release|Any CPU
		{F1B76568-A53A-453B-97FA-C13F373AEEEA}.Release|x64.ActiveCfg = Release|Any CPU
		{F1B76568-A53A-453B-97FA-C13F373AEEEA}.Release|x64.Build.0 = Release|Any CPU
		{F1B76568-A53A-453B-97FA-C13F373AEEEA}.Release|x86.ActiveCfg = Release|Any CPU
		{F1B76568-A53A-453B-97FA-C13F373AEEEA}.Release|x86.Build.0 = Release|Any CPU
		{A1160330-50B5-4006-AF22-375D14D3B14F}.Debug|Any CPU.ActiveCfg = Debug|Any CPU
		{A1160330-50B5-4006-AF22-375D14D3B14F}.Debug|Any CPU.Build.0 = Debug|Any CPU
		{A1160330-50B5-4006-AF22-375D14D3B14F}.Debug|x64.ActiveCfg = Debug|Any CPU
		{A1160330-50B5-4006-AF22-375D14D3B14F}.Debug|x64.Build.0 = Debug|Any CPU
		{A1160330-50B5-4006-AF22-375D14D3B14F}.Debug|x86.ActiveCfg = Debug|Any CPU
		{A1160330-50B5-4006-AF22-375D14D3B14F}.Debug|x86.Build.0 = Debug|Any CPU
		{A1160330-50B5-4006-AF22-375D14D3B14F}.Release|Any CPU.ActiveCfg = Release|Any CPU
		{A1160330-50B5-4006-AF22-375D14D3B14F}.Release|Any CPU.Build.0 = Release|Any CPU
		{A1160330-50B5-4006-AF22-375D14D3B14F}.Release|x64.ActiveCfg = Release|Any CPU
		{A1160330-50B5-4006-AF22-375D14D3B14F}.Release|x64.Build.0 = Release|Any CPU
		{A1160330-50B5-4006-AF22-375D14D3B14F}.Release|x86.ActiveCfg = Release|Any CPU
		{A1160330-50B5-4006-AF22-375D14D3B14F}.Release|x86.Build.0 = Release|Any CPU
	EndGlobalSection
	GlobalSection(NestedProjects) = preSolution
		{32625565-B57F-48DC-B797-3B71118128D1} = {9EA8859D-53BC-4A27-BBEE-3DF001BB48AE}
		{F1B76568-A53A-453B-97FA-C13F373AEEEA} = {9EA8859D-53BC-4A27-BBEE-3DF001BB48AE}
	EndGlobalSection
EndGlobal
